// !$*UTF8*$!
{
	archiveVersion = 1;
	classes = {
	};
	objectVersion = 51;
	objects = {

/* Begin PBXBuildFile section */
		515658D6ECDC28EF32593D41 /* Pods_SegmentBrazeDebounce_iOS.framework in Frameworks */ = {isa = PBXBuildFile; fileRef = 47D4C428B1703C79A321D628 /* Pods_SegmentBrazeDebounce_iOS.framework */; };
		A30B1049235FB03A00983034 /* AppDelegate.swift in Sources */ = {isa = PBXBuildFile; fileRef = A30B1048235FB03A00983034 /* AppDelegate.swift */; };
		A30B104B235FB03A00983034 /* SceneDelegate.swift in Sources */ = {isa = PBXBuildFile; fileRef = A30B104A235FB03A00983034 /* SceneDelegate.swift */; };
		A30B104D235FB03A00983034 /* ViewController.swift in Sources */ = {isa = PBXBuildFile; fileRef = A30B104C235FB03A00983034 /* ViewController.swift */; };
		A30B1050235FB03A00983034 /* Main.storyboard in Resources */ = {isa = PBXBuildFile; fileRef = A30B104E235FB03A00983034 /* Main.storyboard */; };
		A30B1052235FB03C00983034 /* Assets.xcassets in Resources */ = {isa = PBXBuildFile; fileRef = A30B1051235FB03C00983034 /* Assets.xcassets */; };
		A30B1055235FB03C00983034 /* LaunchScreen.storyboard in Resources */ = {isa = PBXBuildFile; fileRef = A30B1053235FB03C00983034 /* LaunchScreen.storyboard */; };
		A30B105F235FB9EE00983034 /* BrazeDebounceMiddleware.swift in Sources */ = {isa = PBXBuildFile; fileRef = A30B105E235FB9EE00983034 /* BrazeDebounceMiddleware.swift */; };
/* End PBXBuildFile section */

/* Begin PBXFileReference section */
		47D4C428B1703C79A321D628 /* Pods_SegmentBrazeDebounce_iOS.framework */ = {isa = PBXFileReference; explicitFileType = wrapper.framework; includeInIndex = 0; path = Pods_SegmentBrazeDebounce_iOS.framework; sourceTree = BUILT_PRODUCTS_DIR; };
		68112ABADC2C15FD2602ECFB /* Pods-SegmentBrazeDebounce-iOS.release.xcconfig */ = {isa = PBXFileReference; includeInIndex = 1; lastKnownFileType = text.xcconfig; name = "Pods-SegmentBrazeDebounce-iOS.release.xcconfig"; path = "Target Support Files/Pods-SegmentBrazeDebounce-iOS/Pods-SegmentBrazeDebounce-iOS.release.xcconfig"; sourceTree = "<group>"; };
		A30B1045235FB03A00983034 /* SegmentBrazeDebounce-iOS.app */ = {isa = PBXFileReference; explicitFileType = wrapper.application; includeInIndex = 0; path = "SegmentBrazeDebounce-iOS.app"; sourceTree = BUILT_PRODUCTS_DIR; };
		A30B1048235FB03A00983034 /* AppDelegate.swift */ = {isa = PBXFileReference; lastKnownFileType = sourcecode.swift; path = AppDelegate.swift; sourceTree = "<group>"; };
		A30B104A235FB03A00983034 /* SceneDelegate.swift */ = {isa = PBXFileReference; lastKnownFileType = sourcecode.swift; path = SceneDelegate.swift; sourceTree = "<group>"; };
		A30B104C235FB03A00983034 /* ViewController.swift */ = {isa = PBXFileReference; lastKnownFileType = sourcecode.swift; path = ViewController.swift; sourceTree = "<group>"; };
		A30B104F235FB03A00983034 /* Base */ = {isa = PBXFileReference; lastKnownFileType = file.storyboard; name = Base; path = Base.lproj/Main.storyboard; sourceTree = "<group>"; };
		A30B1051235FB03C00983034 /* Assets.xcassets */ = {isa = PBXFileReference; lastKnownFileType = folder.assetcatalog; path = Assets.xcassets; sourceTree = "<group>"; };
		A30B1054235FB03C00983034 /* Base */ = {isa = PBXFileReference; lastKnownFileType = file.storyboard; name = Base; path = Base.lproj/LaunchScreen.storyboard; sourceTree = "<group>"; };
		A30B1056235FB03C00983034 /* Info.plist */ = {isa = PBXFileReference; lastKnownFileType = text.plist.xml; path = Info.plist; sourceTree = "<group>"; };
		A30B105C235FB6B800983034 /* CoreTelephony.framework */ = {isa = PBXFileReference; lastKnownFileType = wrapper.framework; name = CoreTelephony.framework; path = System/Library/Frameworks/CoreTelephony.framework; sourceTree = SDKROOT; };
		A30B105E235FB9EE00983034 /* BrazeDebounceMiddleware.swift */ = {isa = PBXFileReference; lastKnownFileType = sourcecode.swift; path = BrazeDebounceMiddleware.swift; sourceTree = "<group>"; };
		D09A2995AE6F73A6040B15EA /* Pods-SegmentBrazeDebounce-iOS.debug.xcconfig */ = {isa = PBXFileReference; includeInIndex = 1; lastKnownFileType = text.xcconfig; name = "Pods-SegmentBrazeDebounce-iOS.debug.xcconfig"; path = "Target Support Files/Pods-SegmentBrazeDebounce-iOS/Pods-SegmentBrazeDebounce-iOS.debug.xcconfig"; sourceTree = "<group>"; };
/* End PBXFileReference section */

/* Begin PBXFrameworksBuildPhase section */
		A30B1042235FB03A00983034 /* Frameworks */ = {
			isa = PBXFrameworksBuildPhase;
			buildActionMask = 2147483647;
			files = (
				515658D6ECDC28EF32593D41 /* Pods_SegmentBrazeDebounce_iOS.framework in Frameworks */,
			);
			runOnlyForDeploymentPostprocessing = 0;
		};
/* End PBXFrameworksBuildPhase section */

/* Begin PBXGroup section */
		81BF1FDA31FD4B756F735500 /* Pods */ = {
			isa = PBXGroup;
			children = (
				D09A2995AE6F73A6040B15EA /* Pods-SegmentBrazeDebounce-iOS.debug.xcconfig */,
				68112ABADC2C15FD2602ECFB /* Pods-SegmentBrazeDebounce-iOS.release.xcconfig */,
			);
			path = Pods;
			sourceTree = "<group>";
		};
		A30B103C235FB03A00983034 = {
			isa = PBXGroup;
			children = (
				A30B1047235FB03A00983034 /* SegmentBrazeDebounce-iOS */,
				A30B1046235FB03A00983034 /* Products */,
				81BF1FDA31FD4B756F735500 /* Pods */,
				CC6C7BDE45310FC6EF2694A4 /* Frameworks */,
			);
			sourceTree = "<group>";
		};
		A30B1046235FB03A00983034 /* Products */ = {
			isa = PBXGroup;
			children = (
				A30B1045235FB03A00983034 /* SegmentBrazeDebounce-iOS.app */,
			);
			name = Products;
			sourceTree = "<group>";
		};
		A30B1047235FB03A00983034 /* SegmentBrazeDebounce-iOS */ = {
			isa = PBXGroup;
			children = (
				A30B1048235FB03A00983034 /* AppDelegate.swift */,
				A30B105E235FB9EE00983034 /* BrazeDebounceMiddleware.swift */,
				A30B104A235FB03A00983034 /* SceneDelegate.swift */,
				A30B104C235FB03A00983034 /* ViewController.swift */,
				A30B104E235FB03A00983034 /* Main.storyboard */,
				A30B1051235FB03C00983034 /* Assets.xcassets */,
				A30B1053235FB03C00983034 /* LaunchScreen.storyboard */,
				A30B1056235FB03C00983034 /* Info.plist */,
			);
			path = "SegmentBrazeDebounce-iOS";
			sourceTree = "<group>";
		};
		CC6C7BDE45310FC6EF2694A4 /* Frameworks */ = {
			isa = PBXGroup;
			children = (
				A30B105C235FB6B800983034 /* CoreTelephony.framework */,
				47D4C428B1703C79A321D628 /* Pods_SegmentBrazeDebounce_iOS.framework */,
			);
			name = Frameworks;
			sourceTree = "<group>";
		};
/* End PBXGroup section */

/* Begin PBXNativeTarget section */
		A30B1044235FB03A00983034 /* SegmentBrazeDebounce-iOS */ = {
			isa = PBXNativeTarget;
			buildConfigurationList = A30B1059235FB03C00983034 /* Build configuration list for PBXNativeTarget "SegmentBrazeDebounce-iOS" */;
			buildPhases = (
				849B6C61911A3794396068DC /* [CP] Check Pods Manifest.lock */,
				A30B1041235FB03A00983034 /* Sources */,
				A30B1042235FB03A00983034 /* Frameworks */,
				A30B1043235FB03A00983034 /* Resources */,
				410639804C7EC1BB3756F92B /* [CP] Embed Pods Frameworks */,
			);
			buildRules = (
			);
			dependencies = (
			);
			name = "SegmentBrazeDebounce-iOS";
			productName = "SegmentBrazeDebounce-iOS";
			productReference = A30B1045235FB03A00983034 /* SegmentBrazeDebounce-iOS.app */;
			productType = "com.apple.product-type.application";
		};
/* End PBXNativeTarget section */

/* Begin PBXProject section */
		A30B103D235FB03A00983034 /* Project object */ = {
			isa = PBXProject;
			attributes = {
				LastSwiftUpdateCheck = 1110;
				LastUpgradeCheck = 1110;
				ORGANIZATIONNAME = "Brandon Sneed";
				TargetAttributes = {
					A30B1044235FB03A00983034 = {
						CreatedOnToolsVersion = 11.1;
					};
				};
			};
			buildConfigurationList = A30B1040235FB03A00983034 /* Build configuration list for PBXProject "SegmentBrazeDebounce-iOS" */;
			compatibilityVersion = "Xcode 9.3";
			developmentRegion = en;
			hasScannedForEncodings = 0;
			knownRegions = (
				en,
				Base,
			);
			mainGroup = A30B103C235FB03A00983034;
			productRefGroup = A30B1046235FB03A00983034 /* Products */;
			projectDirPath = "";
			projectRoot = "";
			targets = (
				A30B1044235FB03A00983034 /* SegmentBrazeDebounce-iOS */,
			);
		};
/* End PBXProject section */

/* Begin PBXResourcesBuildPhase section */
		A30B1043235FB03A00983034 /* Resources */ = {
			isa = PBXResourcesBuildPhase;
			buildActionMask = 2147483647;
			files = (
				A30B1055235FB03C00983034 /* LaunchScreen.storyboard in Resources */,
				A30B1052235FB03C00983034 /* Assets.xcassets in Resources */,
				A30B1050235FB03A00983034 /* Main.storyboard in Resources */,
			);
			runOnlyForDeploymentPostprocessing = 0;
		};
/* End PBXResourcesBuildPhase section */

/* Begin PBXShellScriptBuildPhase section */
		410639804C7EC1BB3756F92B /* [CP] Embed Pods Frameworks */ = {
			isa = PBXShellScriptBuildPhase;
			buildActionMask = 2147483647;
			files = (
			);
			inputFileListPaths = (
				"${PODS_ROOT}/Target Support Files/Pods-SegmentBrazeDebounce-iOS/Pods-SegmentBrazeDebounce-iOS-frameworks-${CONFIGURATION}-input-files.xcfilelist",
			);
			name = "[CP] Embed Pods Frameworks";
			outputFileListPaths = (
				"${PODS_ROOT}/Target Support Files/Pods-SegmentBrazeDebounce-iOS/Pods-SegmentBrazeDebounce-iOS-frameworks-${CONFIGURATION}-output-files.xcfilelist",
			);
			runOnlyForDeploymentPostprocessing = 0;
			shellPath = /bin/sh;
			shellScript = "\"${PODS_ROOT}/Target Support Files/Pods-SegmentBrazeDebounce-iOS/Pods-SegmentBrazeDebounce-iOS-frameworks.sh\"\n";
			showEnvVarsInLog = 0;
		};
		849B6C61911A3794396068DC /* [CP] Check Pods Manifest.lock */ = {
			isa = PBXShellScriptBuildPhase;
			buildActionMask = 2147483647;
			files = (
			);
			inputFileListPaths = (
			);
			inputPaths = (
				"${PODS_PODFILE_DIR_PATH}/Podfile.lock",
				"${PODS_ROOT}/Manifest.lock",
			);
			name = "[CP] Check Pods Manifest.lock";
			outputFileListPaths = (
			);
			outputPaths = (
				"$(DERIVED_FILE_DIR)/Pods-SegmentBrazeDebounce-iOS-checkManifestLockResult.txt",
			);
			runOnlyForDeploymentPostprocessing = 0;
			shellPath = /bin/sh;
			shellScript = "diff \"${PODS_PODFILE_DIR_PATH}/Podfile.lock\" \"${PODS_ROOT}/Manifest.lock\" > /dev/null\nif [ $? != 0 ] ; then\n    # print error to STDERR\n    echo \"error: The sandbox is not in sync with the Podfile.lock. Run 'pod install' or update your CocoaPods installation.\" >&2\n    exit 1\nfi\n# This output is used by Xcode 'outputs' to avoid re-running this script phase.\necho \"SUCCESS\" > \"${SCRIPT_OUTPUT_FILE_0}\"\n";
			showEnvVarsInLog = 0;
		};
/* End PBXShellScriptBuildPhase section */

/* Begin PBXSourcesBuildPhase section */
		A30B1041235FB03A00983034 /* Sources */ = {
			isa = PBXSourcesBuildPhase;
			buildActionMask = 2147483647;
			files = (
				A30B104D235FB03A00983034 /* ViewController.swift in Sources */,
				A30B1049235FB03A00983034 /* AppDelegate.swift in Sources */,
				A30B104B235FB03A00983034 /* SceneDelegate.swift in Sources */,
				A30B105F235FB9EE00983034 /* BrazeDebounceMiddleware.swift in Sources */,
			);
			runOnlyForDeploymentPostprocessing = 0;
		};
/* End PBXSourcesBuildPhase section */

/* Begin PBXVariantGroup section */
		A30B104E235FB03A00983034 /* Main.storyboard */ = {
			isa = PBXVariantGroup;
			children = (
				A30B104F235FB03A00983034 /* Base */,
			);
			name = Main.storyboard;
			sourceTree = "<group>";
		};
		A30B1053235FB03C00983034 /* LaunchScreen.storyboard */ = {
			isa = PBXVariantGroup;
			children = (
				A30B1054235FB03C00983034 /* Base */,
			);
			name = LaunchScreen.storyboard;
			sourceTree = "<group>";
		};
/* End PBXVariantGroup section */

/* Begin XCBuildConfiguration section */
		A30B1057235FB03C00983034 /* Debug */ = {
			isa = XCBuildConfiguration;
			buildSettings = {
				ALWAYS_SEARCH_USER_PATHS = NO;
				CLANG_ANALYZER_NONNULL = YES;
				CLANG_ANALYZER_NUMBER_OBJECT_CONVERSION = YES_AGGRESSIVE;
				CLANG_CXX_LANGUAGE_STANDARD = "gnu++14";
				CLANG_CXX_LIBRARY = "libc++";
				CLANG_ENABLE_MODULES = YES;
				CLANG_ENABLE_OBJC_ARC = YES;
				CLANG_ENABLE_OBJC_WEAK = YES;
				CLANG_WARN_BLOCK_CAPTURE_AUTORELEASING = YES;
				CLANG_WARN_BOOL_CONVERSION = YES;
				CLANG_WARN_COMMA = YES;
				CLANG_WARN_CONSTANT_CONVERSION = YES;
				CLANG_WARN_DEPRECATED_OBJC_IMPLEMENTATIONS = YES;
				CLANG_WARN_DIRECT_OBJC_ISA_USAGE = YES_ERROR;
				CLANG_WARN_DOCUMENTATION_COMMENTS = YES;
				CLANG_WARN_EMPTY_BODY = YES;
				CLANG_WARN_ENUM_CONVERSION = YES;
				CLANG_WARN_INFINITE_RECURSION = YES;
				CLANG_WARN_INT_CONVERSION = YES;
				CLANG_WARN_NON_LITERAL_NULL_CONVERSION = YES;
				CLANG_WARN_OBJC_IMPLICIT_RETAIN_SELF = YES;
				CLANG_WARN_OBJC_LITERAL_CONVERSION = YES;
				CLANG_WARN_OBJC_ROOT_CLASS = YES_ERROR;
				CLANG_WARN_RANGE_LOOP_ANALYSIS = YES;
				CLANG_WARN_STRICT_PROTOTYPES = YES;
				CLANG_WARN_SUSPICIOUS_MOVE = YES;
				CLANG_WARN_UNGUARDED_AVAILABILITY = YES_AGGRESSIVE;
				CLANG_WARN_UNREACHABLE_CODE = YES;
				CLANG_WARN__DUPLICATE_METHOD_MATCH = YES;
				COPY_PHASE_STRIP = NO;
				DEBUG_INFORMATION_FORMAT = dwarf;
				ENABLE_STRICT_OBJC_MSGSEND = YES;
				ENABLE_TESTABILITY = YES;
				GCC_C_LANGUAGE_STANDARD = gnu11;
				GCC_DYNAMIC_NO_PIC = NO;
				GCC_NO_COMMON_BLOCKS = YES;
				GCC_OPTIMIZATION_LEVEL = 0;
				GCC_PREPROCESSOR_DEFINITIONS = (
					"DEBUG=1",
					"$(inherited)",
				);
				GCC_WARN_64_TO_32_BIT_CONVERSION = YES;
				GCC_WARN_ABOUT_RETURN_TYPE = YES_ERROR;
				GCC_WARN_UNDECLARED_SELECTOR = YES;
				GCC_WARN_UNINITIALIZED_AUTOS = YES_AGGRESSIVE;
				GCC_WARN_UNUSED_FUNCTION = YES;
				GCC_WARN_UNUSED_VARIABLE = YES;
				IPHONEOS_DEPLOYMENT_TARGET = 13.1;
				MTL_ENABLE_DEBUG_INFO = INCLUDE_SOURCE;
				MTL_FAST_MATH = YES;
				ONLY_ACTIVE_ARCH = YES;
				SDKROOT = iphoneos;
				SWIFT_ACTIVE_COMPILATION_CONDITIONS = DEBUG;
				SWIFT_OPTIMIZATION_LEVEL = "-Onone";
			};
			name = Debug;
		};
		A30B1058235FB03C00983034 /* Release */ = {
			isa = XCBuildConfiguration;
			buildSettings = {
				ALWAYS_SEARCH_USER_PATHS = NO;
				CLANG_ANALYZER_NONNULL = YES;
				CLANG_ANALYZER_NUMBER_OBJECT_CONVERSION = YES_AGGRESSIVE;
				CLANG_CXX_LANGUAGE_STANDARD = "gnu++14";
				CLANG_CXX_LIBRARY = "libc++";
				CLANG_ENABLE_MODULES = YES;
				CLANG_ENABLE_OBJC_ARC = YES;
				CLANG_ENABLE_OBJC_WEAK = YES;
				CLANG_WARN_BLOCK_CAPTURE_AUTORELEASING = YES;
				CLANG_WARN_BOOL_CONVERSION = YES;
				CLANG_WARN_COMMA = YES;
				CLANG_WARN_CONSTANT_CONVERSION = YES;
				CLANG_WARN_DEPRECATED_OBJC_IMPLEMENTATIONS = YES;
				CLANG_WARN_DIRECT_OBJC_ISA_USAGE = YES_ERROR;
				CLANG_WARN_DOCUMENTATION_COMMENTS = YES;
				CLANG_WARN_EMPTY_BODY = YES;
				CLANG_WARN_ENUM_CONVERSION = YES;
				CLANG_WARN_INFINITE_RECURSION = YES;
				CLANG_WARN_INT_CONVERSION = YES;
				CLANG_WARN_NON_LITERAL_NULL_CONVERSION = YES;
				CLANG_WARN_OBJC_IMPLICIT_RETAIN_SELF = YES;
				CLANG_WARN_OBJC_LITERAL_CONVERSION = YES;
				CLANG_WARN_OBJC_ROOT_CLASS = YES_ERROR;
				CLANG_WARN_RANGE_LOOP_ANALYSIS = YES;
				CLANG_WARN_STRICT_PROTOTYPES = YES;
				CLANG_WARN_SUSPICIOUS_MOVE = YES;
				CLANG_WARN_UNGUARDED_AVAILABILITY = YES_AGGRESSIVE;
				CLANG_WARN_UNREACHABLE_CODE = YES;
				CLANG_WARN__DUPLICATE_METHOD_MATCH = YES;
				COPY_PHASE_STRIP = NO;
				DEBUG_INFORMATION_FORMAT = "dwarf-with-dsym";
				ENABLE_NS_ASSERTIONS = NO;
				ENABLE_STRICT_OBJC_MSGSEND = YES;
				GCC_C_LANGUAGE_STANDARD = gnu11;
				GCC_NO_COMMON_BLOCKS = YES;
				GCC_WARN_64_TO_32_BIT_CONVERSION = YES;
				GCC_WARN_ABOUT_RETURN_TYPE = YES_ERROR;
				GCC_WARN_UNDECLARED_SELECTOR = YES;
				GCC_WARN_UNINITIALIZED_AUTOS = YES_AGGRESSIVE;
				GCC_WARN_UNUSED_FUNCTION = YES;
				GCC_WARN_UNUSED_VARIABLE = YES;
				IPHONEOS_DEPLOYMENT_TARGET = 13.1;
				MTL_ENABLE_DEBUG_INFO = NO;
				MTL_FAST_MATH = YES;
				SDKROOT = iphoneos;
				SWIFT_COMPILATION_MODE = wholemodule;
				SWIFT_OPTIMIZATION_LEVEL = "-O";
				VALIDATE_PRODUCT = YES;
			};
			name = Release;
		};
		A30B105A235FB03C00983034 /* Debug */ = {
			isa = XCBuildConfiguration;
			baseConfigurationReference = D09A2995AE6F73A6040B15EA /* Pods-SegmentBrazeDebounce-iOS.debug.xcconfig */;
			buildSettings = {
				ASSETCATALOG_COMPILER_APPICON_NAME = AppIcon;
				CODE_SIGN_STYLE = Automatic;
				DEVELOPMENT_TEAM = indieware.dev;
				INFOPLIST_FILE = "SegmentBrazeDebounce-iOS/Info.plist";
				LD_RUNPATH_SEARCH_PATHS = (
					"$(inherited)",
					"@executable_path/Frameworks",
				);
				PRODUCT_BUNDLE_IDENTIFIER = "com.segment.SegmentBrazeDebounce-iOS";
				PRODUCT_NAME = "$(TARGET_NAME)";
				SWIFT_VERSION = 5.0;
				TARGETED_DEVICE_FAMILY = "1,2";
			};
			name = Debug;
		};
		A30B105B235FB03C00983034 /* Release */ = {
			isa = XCBuildConfiguration;
			baseConfigurationReference = 68112ABADC2C15FD2602ECFB /* Pods-SegmentBrazeDebounce-iOS.release.xcconfig */;
			buildSettings = {
				ASSETCATALOG_COMPILER_APPICON_NAME = AppIcon;
				CODE_SIGN_STYLE = Automatic;
				DEVELOPMENT_TEAM = indieware.dev;
				INFOPLIST_FILE = "SegmentBrazeDebounce-iOS/Info.plist";
				LD_RUNPATH_SEARCH_PATHS = (
					"$(inherited)",
					"@executable_path/Frameworks",
				);
				PRODUCT_BUNDLE_IDENTIFIER = "com.segment.SegmentBrazeDebounce-iOS";
				PRODUCT_NAME = "$(TARGET_NAME)";
				SWIFT_VERSION = 5.0;
				TARGETED_DEVICE_FAMILY = "1,2";
			};
			name = Release;
		};
/* End XCBuildConfiguration section */

/* Begin XCConfigurationList section */
		A30B1040235FB03A00983034 /* Build configuration list for PBXProject "SegmentBrazeDebounce-iOS" */ = {
			isa = XCConfigurationList;
			buildConfigurations = (
				A30B1057235FB03C00983034 /* Debug */,
				A30B1058235FB03C00983034 /* Release */,
			);
			defaultConfigurationIsVisible = 0;
			defaultConfigurationName = Release;
		};
		A30B1059235FB03C00983034 /* Build configuration list for PBXNativeTarget "SegmentBrazeDebounce-iOS" */ = {
			isa = XCConfigurationList;
			buildConfigurations = (
				A30B105A235FB03C00983034 /* Debug */,
				A30B105B235FB03C00983034 /* Release */,
			);
			defaultConfigurationIsVisible = 0;
			defaultConfigurationName = Release;
		};
/* End XCConfigurationList section */
	};
	rootObject = A30B103D235FB03A00983034 /* Project object */;
}
